PODS:
  - Flutter (1.0.0)
  - pasteboard (0.0.1):
    - Flutter

DEPENDENCIES:
  - Flutter (from `Flutter`)
  - pasteboard (from `.symlinks/plugins/pasteboard/ios`)

EXTERNAL SOURCES:
  Flutter:
    :path: Flutter
  pasteboard:
    :path: ".symlinks/plugins/pasteboard/ios"

SPEC CHECKSUMS:
  Flutter: cabc95a1d2626b1b06e7179b784ebcf0c0cde467
  pasteboard: 49088aeb6119d51f976a421db60d8e1ab079b63c

PODFILE CHECKSUM: 3c63482e143d1b91d2d2560aee9fb04ecc74ac7e

COCOAPODS: 1.16.2
